
Microsoft Visual Studio Solution File, Format Version 12.00
# Visual Studio Version 16
VisualStudioVersion = 16.0.29503.13
MinimumVisualStudioVersion = 10.0.40219.1
Project("{FAE04EC0-301F-11D3-BF4B-00C04F79EFBC}") = "ToeicAPI", "ToeicAPI\ToeicAPI.csproj", "{C2D099A7-0E99-4D05-9E9A-7C88805A4650}"
EndProject
Global
	GlobalSection(SolutionConfigurationPlatforms) = preSolution
		Debug|Any CPU = Debug|Any CPU
		Release|Any CPU = Release|Any CPU
	EndGlobalSection
	GlobalSection(ProjectConfigurationPlatforms) = postSolution
		{C2D099A7-0E99-4D05-9E9A-7C88805A4650}.Debug|Any CPU.ActiveCfg = Debug|Any CPU
		{C2D099A7-0E99-4D05-9E9A-7C88805A4650}.Debug|Any CPU.Build.0 = Debug|Any CPU
		{C2D099A7-0E99-4D05-9E9A-7C88805A4650}.Release|Any CPU.ActiveCfg = Release|Any CPU
		{C2D099A7-0E99-4D05-9E9A-7C88805A4650}.Release|Any CPU.Build.0 = Release|Any CPU
	EndGlobalSection
	GlobalSection(SolutionProperties) = preSolution
		HideSolutionNode = FALSE
	EndGlobalSection
	GlobalSection(ExtensibilityGlobals) = postSolution
		SolutionGuid = {76CCAAE2-C762-4AC4-B956-B2778C640B5F}
	EndGlobalSection
EndGlobal
